schema: '2.0'
stages:
  prepare:
    cmd: python src/prepare.py
    deps:
    - path: src/prepare.py
      md5: 27960000b763f0ac14992acf76f0e699
      size: 1291
    params:
      prepare_config.json:
        images_folder: data/images
        masks_folder: data/masks
        test_pairs_path: pairs/test_pairs.json
        train_pairs_path: pairs/train_pairs.json
        val_pairs_path: pairs/val_pairs.json
    outs:
    - path: pairs/test_pairs.json
      md5: 5f3e8a48f9002e3ed6d3d44a9c85eb97
      size: 2891
    - path: pairs/train_pairs.json
      md5: 2297aaf7e410ea334e7a5cb863aab1b8
      size: 25665
    - path: pairs/val_pairs.json
      md5: 8d9e135c104cfe681568356db97a9279
      size: 7198
  train:
    cmd: python src/train.py
    deps:
    - path: pairs/train_pairs.json
      md5: 2297aaf7e410ea334e7a5cb863aab1b8
      size: 25665
    - path: pairs/val_pairs.json
      md5: 8d9e135c104cfe681568356db97a9279
      size: 7198
    - path: src/train.py
      md5: 88fa36776394579312ec684e3bf98b81
      size: 3450
    params:
      train_config.json:
        batch_size: 2
        checkpoint: 0
        checkpoint_folder: weights/checkpoint
        device: GPU
        epochs: 2
        input_shape:
        - 256
        - 256
        load_weights: 0
        loss: binary_crossentropy
        metrics:
        - accuracy
        - precision
        - recall
        optimizer: adam
        train_log_folder: results/training
        train_pairs_path: pairs/train_pairs.json
        train_steps: 100
        val_pairs_path: pairs/val_pairs.json
        val_steps: 20
        weights_load_path: weights/train_weights.h5
        weights_save_path: weights/eval_weights.h5
    outs:
    - path: results/training/train_result.json
      md5: 24556141fa6951b60c8e42b131a218bb
      size: 476
    - path: weights/eval_weights.h5
      md5: 10f9f475f016d4216fae7c01de44e138
      size: 22356264
  evaluate:
    cmd: python src/evaluate.py
    deps:
    - path: pairs/test_pairs.json
      md5: 5f3e8a48f9002e3ed6d3d44a9c85eb97
      size: 2891
    - path: src/evaluate.py
      md5: b9bf6ace3d574b668e6b19b35388ea98
      size: 3328
    - path: weights/eval_weights.h5
      md5: 10f9f475f016d4216fae7c01de44e138
      size: 22356264
    params:
      evaluate_config.json:
        device: GPU
        evaluate_log_folder: results/evaluation
        input_shape:
        - 256
        - 256
        pairs_path: pairs/test_pairs.json
        plot_PR: 1
        plot_ROC: 1
        threshold: 0.5
        weights_path: weights/eval_weights.h5
    outs:
    - path: results/evaluation/PR_curve.png
      md5: cced52cfa517e82b2bf325c3f0598ed7
      size: 18902
    - path: results/evaluation/ROC_curve.png
      md5: eb14c710aea5f4ccf3377e9d89a19430
      size: 21464
    - path: results/evaluation/eval_log.json
      md5: d11b0b5d42a1fad04990e510f5fcd9c6
      size: 198
